
Microsoft Visual Studio Solution File, Format Version 12.00
# Visual Studio Version 17
VisualStudioVersion = 17.9.34728.123
MinimumVisualStudioVersion = 10.0.40219.1
Project("{FAE04EC0-301F-11D3-BF4B-00C04F79EFBC}") = "WpfAppTemplate", "WpfAppTemplate.csproj", "{BA9E0BE9-EB2F-4F65-B127-F2E079D16EEC}"
EndProject
Global
	GlobalSection(SolutionConfigurationPlatforms) = preSolution
		Debug|Any CPU = Debug|Any CPU
		Release|Any CPU = Release|Any CPU
	EndGlobalSection
	GlobalSection(ProjectConfigurationPlatforms) = postSolution
		{BA9E0BE9-EB2F-4F65-B127-F2E079D16EEC}.Debug|Any CPU.ActiveCfg = Debug|Any CPU
		{BA9E0BE9-EB2F-4F65-B127-F2E079D16EEC}.Debug|Any CPU.Build.0 = Debug|Any CPU
		{BA9E0BE9-EB2F-4F65-B127-F2E079D16EEC}.Release|Any CPU.ActiveCfg = Release|Any CPU
		{BA9E0BE9-EB2F-4F65-B127-F2E079D16EEC}.Release|Any CPU.Build.0 = Release|Any CPU
	EndGlobalSection
	GlobalSection(SolutionProperties) = preSolution
		HideSolutionNode = FALSE
	EndGlobalSection
	GlobalSection(ExtensibilityGlobals) = postSolution
		SolutionGuid = {673595EA-1098-48F4-B6C2-15FDF52AFC84}
	EndGlobalSection
EndGlobal
